// !$*UTF8*$!
{
	archiveVersion = 1;
	classes = {
	};
	objectVersion = 46;
	objects = {

/* Begin PBXBuildFile section */
		B3DAB24A1CA633080085BD76 /* AppDelegate.swift in Sources */ = {isa = PBXBuildFile; fileRef = B3DAB2491CA633080085BD76 /* AppDelegate.swift */; };
		B3DAB24C1CA633080085BD76 /* ViewController.swift in Sources */ = {isa = PBXBuildFile; fileRef = B3DAB24B1CA633080085BD76 /* ViewController.swift */; };
		B3DAB24F1CA633080085BD76 /* Main.storyboard in Resources */ = {isa = PBXBuildFile; fileRef = B3DAB24D1CA633080085BD76 /* Main.storyboard */; };
		B3DAB2511CA633080085BD76 /* Assets.xcassets in Resources */ = {isa = PBXBuildFile; fileRef = B3DAB2501CA633080085BD76 /* Assets.xcassets */; };
		B3DAB2541CA633080085BD76 /* LaunchScreen.storyboard in Resources */ = {isa = PBXBuildFile; fileRef = B3DAB2521CA633080085BD76 /* LaunchScreen.storyboard */; };
/* End PBXBuildFile section */

/* Begin PBXFileReference section */
		B3DAB2461CA633080085BD76 /* AlertViewCOntroller.app */ = {isa = PBXFileReference; explicitFileType = wrapper.application; includeInIndex = 0; path = AlertViewCOntroller.app; sourceTree = BUILT_PRODUCTS_DIR; };
		B3DAB2491CA633080085BD76 /* AppDelegate.swift */ = {isa = PBXFileReference; lastKnownFileType = sourcecode.swift; path = AppDelegate.swift; sourceTree = "<group>"; };
		B3DAB24B1CA633080085BD76 /* ViewController.swift */ = {isa = PBXFileReference; lastKnownFileType = sourcecode.swift; path = ViewController.swift; sourceTree = "<group>"; };
		B3DAB24E1CA633080085BD76 /* Base */ = {isa = PBXFileReference; lastKnownFileType = file.storyboard; name = Base; path = Base.lproj/Main.storyboard; sourceTree = "<group>"; };
		B3DAB2501CA633080085BD76 /* Assets.xcassets */ = {isa = PBXFileReference; lastKnownFileType = folder.assetcatalog; path = Assets.xcassets; sourceTree = "<group>"; };
		B3DAB2531CA633080085BD76 /* Base */ = {isa = PBXFileReference; lastKnownFileType = file.storyboard; name = Base; path = Base.lproj/LaunchScreen.storyboard; sourceTree = "<group>"; };
		B3DAB2551CA633080085BD76 /* Info.plist */ = {isa = PBXFileReference; lastKnownFileType = text.plist.xml; path = Info.plist; sourceTree = "<group>"; };
/* End PBXFileReference section */

/* Begin PBXFrameworksBuildPhase section */
		B3DAB2431CA633080085BD76 /* Frameworks */ = {
			isa = PBXFrameworksBuildPhase;
			buildActionMask = 2147483647;
			files = (
			);
			runOnlyForDeploymentPostprocessing = 0;
		};
/* End PBXFrameworksBuildPhase section */

/* Begin PBXGroup section */
		B3DAB23D1CA633080085BD76 = {
			isa = PBXGroup;
			children = (
				B3DAB2481CA633080085BD76 /* AlertViewCOntroller */,
				B3DAB2471CA633080085BD76 /* Products */,
			);
			sourceTree = "<group>";
		};
		B3DAB2471CA633080085BD76 /* Products */ = {
			isa = PBXGroup;
			children = (
				B3DAB2461CA633080085BD76 /* AlertViewCOntroller.app */,
			);
			name = Products;
			sourceTree = "<group>";
		};
		B3DAB2481CA633080085BD76 /* AlertViewCOntroller */ = {
			isa = PBXGroup;
			children = (
				B3DAB2491CA633080085BD76 /* AppDelegate.swift */,
				B3DAB24B1CA633080085BD76 /* ViewController.swift */,
				B3DAB24D1CA633080085BD76 /* Main.storyboard */,
				B3DAB2501CA633080085BD76 /* Assets.xcassets */,
				B3DAB2521CA633080085BD76 /* LaunchScreen.storyboard */,
				B3DAB2551CA633080085BD76 /* Info.plist */,
			);
			path = AlertViewCOntroller;
			sourceTree = "<group>";
		};
/* End PBXGroup section */

/* Begin PBXNativeTarget section */
		B3DAB2451CA633080085BD76 /* AlertViewCOntroller */ = {
			isa = PBXNativeTarget;
			buildConfigurationList = B3DAB2581CA633080085BD76 /* Build configuration list for PBXNativeTarget "AlertViewCOntroller" */;
			buildPhases = (
				B3DAB2421CA633080085BD76 /* Sources */,
				B3DAB2431CA633080085BD76 /* Frameworks */,
				B3DAB2441CA633080085BD76 /* Resources */,
			);
			buildRules = (
			);
			dependencies = (
			);
			name = AlertViewCOntroller;
			productName = AlertViewCOntroller;
			productReference = B3DAB2461CA633080085BD76 /* AlertViewCOntroller.app */;
			productType = "com.apple.product-type.application";
		};
/* End PBXNativeTarget section */

/* Begin PBXProject section */
		B3DAB23E1CA633080085BD76 /* Project object */ = {
			isa = PBXProject;
			attributes = {
				LastSwiftUpdateCheck = 0720;
				LastUpgradeCheck = 0720;
				ORGANIZATIONNAME = "Thong Hao Yi";
				TargetAttributes = {
					B3DAB2451CA633080085BD76 = {
						CreatedOnToolsVersion = 7.2.1;
					};
				};
			};
			buildConfigurationList = B3DAB2411CA633080085BD76 /* Build configuration list for PBXProject "AlertViewCOntroller" */;
			compatibilityVersion = "Xcode 3.2";
			developmentRegion = English;
			hasScannedForEncodings = 0;
			knownRegions = (
				en,
				Base,
			);
			mainGroup = B3DAB23D1CA633080085BD76;
			productRefGroup = B3DAB2471CA633080085BD76 /* Products */;
			projectDirPath = "";
			projectRoot = "";
			targets = (
				B3DAB2451CA633080085BD76 /* AlertViewCOntroller */,
			);
		};
/* End PBXProject section */

/* Begin PBXResourcesBuildPhase section */
		B3DAB2441CA633080085BD76 /* Resources */ = {
			isa = PBXResourcesBuildPhase;
			buildActionMask = 2147483647;
			files = (
				B3DAB2541CA633080085BD76 /* LaunchScreen.storyboard in Resources */,
				B3DAB2511CA633080085BD76 /* Assets.xcassets in Resources */,
				B3DAB24F1CA633080085BD76 /* Main.storyboard in Resources */,
			);
			runOnlyForDeploymentPostprocessing = 0;
		};
/* End PBXResourcesBuildPhase section */

/* Begin PBXSourcesBuildPhase section */
		B3DAB2421CA633080085BD76 /* Sources */ = {
			isa = PBXSourcesBuildPhase;
			buildActionMask = 2147483647;
			files = (
				B3DAB24C1CA633080085BD76 /* ViewController.swift in Sources */,
				B3DAB24A1CA633080085BD76 /* AppDelegate.swift in Sources */,
			);
			runOnlyForDeploymentPostprocessing = 0;
		};
/* End PBXSourcesBuildPhase section */

/* Begin PBXVariantGroup section */
		B3DAB24D1CA633080085BD76 /* Main.storyboard */ = {
			isa = PBXVariantGroup;
			children = (
				B3DAB24E1CA633080085BD76 /* Base */,
			);
			name = Main.storyboard;
			sourceTree = "<group>";
		};
		B3DAB2521CA633080085BD76 /* LaunchScreen.storyboard */ = {
			isa = PBXVariantGroup;
			children = (
				B3DAB2531CA633080085BD76 /* Base */,
			);
			name = LaunchScreen.storyboard;
			sourceTree = "<group>";
		};
/* End PBXVariantGroup section */

/* Begin XCBuildConfiguration section */
		B3DAB2561CA633080085BD76 /* Debug */ = {
			isa = XCBuildConfiguration;
			buildSettings = {
				ALWAYS_SEARCH_USER_PATHS = NO;
				CLANG_CXX_LANGUAGE_STANDARD = "gnu++0x";
				CLANG_CXX_LIBRARY = "libc++";
				CLANG_ENABLE_MODULES = YES;
				CLANG_ENABLE_OBJC_ARC = YES;
				CLANG_WARN_BOOL_CONVERSION = YES;
				CLANG_WARN_CONSTANT_CONVERSION = YES;
				CLANG_WARN_DIRECT_OBJC_ISA_USAGE = YES_ERROR;
				CLANG_WARN_EMPTY_BODY = YES;
				CLANG_WARN_ENUM_CONVERSION = YES;
				CLANG_WARN_INT_CONVERSION = YES;
				CLANG_WARN_OBJC_ROOT_CLASS = YES_ERROR;
				CLANG_WARN_UNREACHABLE_CODE = YES;
				CLANG_WARN__DUPLICATE_METHOD_MATCH = YES;
				"CODE_SIGN_IDENTITY[sdk=iphoneos*]" = "iPhone Developer";
				COPY_PHASE_STRIP = NO;
				DEBUG_INFORMATION_FORMAT = dwarf;
				ENABLE_STRICT_OBJC_MSGSEND = YES;
				ENABLE_TESTABILITY = YES;
				GCC_C_LANGUAGE_STANDARD = gnu99;
				GCC_DYNAMIC_NO_PIC = NO;
				GCC_NO_COMMON_BLOCKS = YES;
				GCC_OPTIMIZATION_LEVEL = 0;
				GCC_PREPROCESSOR_DEFINITIONS = (
					"DEBUG=1",
					"$(inherited)",
				);
				GCC_WARN_64_TO_32_BIT_CONVERSION = YES;
				GCC_WARN_ABOUT_RETURN_TYPE = YES_ERROR;
				GCC_WARN_UNDECLARED_SELECTOR = YES;
				GCC_WARN_UNINITIALIZED_AUTOS = YES_AGGRESSIVE;
				GCC_WARN_UNUSED_FUNCTION = YES;
				GCC_WARN_UNUSED_VARIABLE = YES;
				IPHONEOS_DEPLOYMENT_TARGET = 9.2;
				MTL_ENABLE_DEBUG_INFO = YES;
				ONLY_ACTIVE_ARCH = YES;
				SDKROOT = iphoneos;
				SWIFT_OPTIMIZATION_LEVEL = "-Onone";
				TARGETED_DEVICE_FAMILY = "1,2";
			};
			name = Debug;
		};
		B3DAB2571CA633080085BD76 /* Release */ = {
			isa = XCBuildConfiguration;
			buildSettings = {
				ALWAYS_SEARCH_USER_PATHS = NO;
				CLANG_CXX_LANGUAGE_STANDARD = "gnu++0x";
				CLANG_CXX_LIBRARY = "libc++";
				CLANG_ENABLE_MODULES = YES;
				CLANG_ENABLE_OBJC_ARC = YES;
				CLANG_WARN_BOOL_CONVERSION = YES;
				CLANG_WARN_CONSTANT_CONVERSION = YES;
				CLANG_WARN_DIRECT_OBJC_ISA_USAGE = YES_ERROR;
				CLANG_WARN_EMPTY_BODY = YES;
				CLANG_WARN_ENUM_CONVERSION = YES;
				CLANG_WARN_INT_CONVERSION = YES;
				CLANG_WARN_OBJC_ROOT_CLASS = YES_ERROR;
				CLANG_WARN_UNREACHABLE_CODE = YES;
				CLANG_WARN__DUPLICATE_METHOD_MATCH = YES;
				"CODE_SIGN_IDENTITY[sdk=iphoneos*]" = "iPhone Developer";
				COPY_PHASE_STRIP = NO;
				DEBUG_INFORMATION_FORMAT = "dwarf-with-dsym";
				ENABLE_NS_ASSERTIONS = NO;
				ENABLE_STRICT_OBJC_MSGSEND = YES;
				GCC_C_LANGUAGE_STANDARD = gnu99;
				GCC_NO_COMMON_BLOCKS = YES;
				GCC_WARN_64_TO_32_BIT_CONVERSION = YES;
				GCC_WARN_ABOUT_RETURN_TYPE = YES_ERROR;
				GCC_WARN_UNDECLARED_SELECTOR = YES;
				GCC_WARN_UNINITIALIZED_AUTOS = YES_AGGRESSIVE;
				GCC_WARN_UNUSED_FUNCTION = YES;
				GCC_WARN_UNUSED_VARIABLE = YES;
				IPHONEOS_DEPLOYMENT_TARGET = 9.2;
				MTL_ENABLE_DEBUG_INFO = NO;
				SDKROOT = iphoneos;
				TARGETED_DEVICE_FAMILY = "1,2";
				VALIDATE_PRODUCT = YES;
			};
			name = Release;
		};
		B3DAB2591CA633080085BD76 /* Debug */ = {
			isa = XCBuildConfiguration;
			buildSettings = {
				ASSETCATALOG_COMPILER_APPICON_NAME = AppIcon;
				INFOPLIST_FILE = AlertViewCOntroller/Info.plist;
				LD_RUNPATH_SEARCH_PATHS = "$(inherited) @executable_path/Frameworks";
				PRODUCT_BUNDLE_IDENTIFIER = com.Thong.AlertViewCOntroller;
				PRODUCT_NAME = "$(TARGET_NAME)";
			};
			name = Debug;
		};
		B3DAB25A1CA633080085BD76 /* Release */ = {
			isa = XCBuildConfiguration;
			buildSettings = {
				ASSETCATALOG_COMPILER_APPICON_NAME = AppIcon;
				INFOPLIST_FILE = AlertViewCOntroller/Info.plist;
				LD_RUNPATH_SEARCH_PATHS = "$(inherited) @executable_path/Frameworks";
				PRODUCT_BUNDLE_IDENTIFIER = com.Thong.AlertViewCOntroller;
				PRODUCT_NAME = "$(TARGET_NAME)";
			};
			name = Release;
		};
/* End XCBuildConfiguration section */

/* Begin XCConfigurationList section */
		B3DAB2411CA633080085BD76 /* Build configuration list for PBXProject "AlertViewCOntroller" */ = {
			isa = XCConfigurationList;
			buildConfigurations = (
				B3DAB2561CA633080085BD76 /* Debug */,
				B3DAB2571CA633080085BD76 /* Release */,
			);
			defaultConfigurationIsVisible = 0;
			defaultConfigurationName = Release;
		};
		B3DAB2581CA633080085BD76 /* Build configuration list for PBXNativeTarget "AlertViewCOntroller" */ = {
			isa = XCConfigurationList;
			buildConfigurations = (
				B3DAB2591CA633080085BD76 /* Debug */,
				B3DAB25A1CA633080085BD76 /* Release */,
			);
			defaultConfigurationIsVisible = 0;
		};
/* End XCConfigurationList section */
	};
	rootObject = B3DAB23E1CA633080085BD76 /* Project object */;
}
